// !$*UTF8*$!
{
	archiveVersion = 1;
	classes = {
	};
	objectVersion = 55;
	objects = {

/* Begin PBXBuildFile section */
		31EA7D3A27F6215B006DDE02 /* MuvelApp.swift in Sources */ = {isa = PBXBuildFile; fileRef = 31EA7D3927F6215B006DDE02 /* MuvelApp.swift */; };
		31EA7D3C27F6215B006DDE02 /* ContentView.swift in Sources */ = {isa = PBXBuildFile; fileRef = 31EA7D3B27F6215B006DDE02 /* ContentView.swift */; };
		31EA7D3E27F62160006DDE02 /* Assets.xcassets in Resources */ = {isa = PBXBuildFile; fileRef = 31EA7D3D27F62160006DDE02 /* Assets.xcassets */; };
		31EA7D4127F62160006DDE02 /* Preview Assets.xcassets in Resources */ = {isa = PBXBuildFile; fileRef = 31EA7D4027F62160006DDE02 /* Preview Assets.xcassets */; };
		31EA7D4B27F62160006DDE02 /* MuvelTests.swift in Sources */ = {isa = PBXBuildFile; fileRef = 31EA7D4A27F62160006DDE02 /* MuvelTests.swift */; };
		31EA7D5527F62161006DDE02 /* MuvelUITests.swift in Sources */ = {isa = PBXBuildFile; fileRef = 31EA7D5427F62161006DDE02 /* MuvelUITests.swift */; };
		31EA7D5727F62161006DDE02 /* MuvelUITestsLaunchTests.swift in Sources */ = {isa = PBXBuildFile; fileRef = 31EA7D5627F62161006DDE02 /* MuvelUITestsLaunchTests.swift */; };
/* End PBXBuildFile section */

/* Begin PBXContainerItemProxy section */
		31EA7D4727F62160006DDE02 /* PBXContainerItemProxy */ = {
			isa = PBXContainerItemProxy;
			containerPortal = 31EA7D2E27F6215B006DDE02 /* Project object */;
			proxyType = 1;
			remoteGlobalIDString = 31EA7D3527F6215B006DDE02;
			remoteInfo = Muvel;
		};
		31EA7D5127F62161006DDE02 /* PBXContainerItemProxy */ = {
			isa = PBXContainerItemProxy;
			containerPortal = 31EA7D2E27F6215B006DDE02 /* Project object */;
			proxyType = 1;
			remoteGlobalIDString = 31EA7D3527F6215B006DDE02;
			remoteInfo = Muvel;
		};
/* End PBXContainerItemProxy section */

/* Begin PBXFileReference section */
		31EA7D3627F6215B006DDE02 /* Muvel.app */ = {isa = PBXFileReference; explicitFileType = wrapper.application; includeInIndex = 0; path = Muvel.app; sourceTree = BUILT_PRODUCTS_DIR; };
		31EA7D3927F6215B006DDE02 /* MuvelApp.swift */ = {isa = PBXFileReference; lastKnownFileType = sourcecode.swift; path = MuvelApp.swift; sourceTree = "<group>"; };
		31EA7D3B27F6215B006DDE02 /* ContentView.swift */ = {isa = PBXFileReference; lastKnownFileType = sourcecode.swift; path = ContentView.swift; sourceTree = "<group>"; };
		31EA7D3D27F62160006DDE02 /* Assets.xcassets */ = {isa = PBXFileReference; lastKnownFileType = folder.assetcatalog; path = Assets.xcassets; sourceTree = "<group>"; };
		31EA7D4027F62160006DDE02 /* Preview Assets.xcassets */ = {isa = PBXFileReference; lastKnownFileType = folder.assetcatalog; path = "Preview Assets.xcassets"; sourceTree = "<group>"; };
		31EA7D4627F62160006DDE02 /* MuvelTests.xctest */ = {isa = PBXFileReference; explicitFileType = wrapper.cfbundle; includeInIndex = 0; path = MuvelTests.xctest; sourceTree = BUILT_PRODUCTS_DIR; };
		31EA7D4A27F62160006DDE02 /* MuvelTests.swift */ = {isa = PBXFileReference; lastKnownFileType = sourcecode.swift; path = MuvelTests.swift; sourceTree = "<group>"; };
		31EA7D5027F62161006DDE02 /* MuvelUITests.xctest */ = {isa = PBXFileReference; explicitFileType = wrapper.cfbundle; includeInIndex = 0; path = MuvelUITests.xctest; sourceTree = BUILT_PRODUCTS_DIR; };
		31EA7D5427F62161006DDE02 /* MuvelUITests.swift */ = {isa = PBXFileReference; lastKnownFileType = sourcecode.swift; path = MuvelUITests.swift; sourceTree = "<group>"; };
		31EA7D5627F62161006DDE02 /* MuvelUITestsLaunchTests.swift */ = {isa = PBXFileReference; lastKnownFileType = sourcecode.swift; path = MuvelUITestsLaunchTests.swift; sourceTree = "<group>"; };
/* End PBXFileReference section */

/* Begin PBXFrameworksBuildPhase section */
		31EA7D3327F6215B006DDE02 /* Frameworks */ = {
			isa = PBXFrameworksBuildPhase;
			buildActionMask = 2147483647;
			files = (
			);
			runOnlyForDeploymentPostprocessing = 0;
		};
		31EA7D4327F62160006DDE02 /* Frameworks */ = {
			isa = PBXFrameworksBuildPhase;
			buildActionMask = 2147483647;
			files = (
			);
			runOnlyForDeploymentPostprocessing = 0;
		};
		31EA7D4D27F62161006DDE02 /* Frameworks */ = {
			isa = PBXFrameworksBuildPhase;
			buildActionMask = 2147483647;
			files = (
			);
			runOnlyForDeploymentPostprocessing = 0;
		};
/* End PBXFrameworksBuildPhase section */

/* Begin PBXGroup section */
		31EA7D2D27F6215B006DDE02 = {
			isa = PBXGroup;
			children = (
				31EA7D3827F6215B006DDE02 /* Muvel */,
				31EA7D4927F62160006DDE02 /* MuvelTests */,
				31EA7D5327F62161006DDE02 /* MuvelUITests */,
				31EA7D3727F6215B006DDE02 /* Products */,
			);
			sourceTree = "<group>";
		};
		31EA7D3727F6215B006DDE02 /* Products */ = {
			isa = PBXGroup;
			children = (
				31EA7D3627F6215B006DDE02 /* Muvel.app */,
				31EA7D4627F62160006DDE02 /* MuvelTests.xctest */,
				31EA7D5027F62161006DDE02 /* MuvelUITests.xctest */,
			);
			name = Products;
			sourceTree = "<group>";
		};
		31EA7D3827F6215B006DDE02 /* Muvel */ = {
			isa = PBXGroup;
			children = (
				31EA7D3927F6215B006DDE02 /* MuvelApp.swift */,
				31EA7D3B27F6215B006DDE02 /* ContentView.swift */,
				31EA7D3D27F62160006DDE02 /* Assets.xcassets */,
				31EA7D3F27F62160006DDE02 /* Preview Content */,
			);
			path = Muvel;
			sourceTree = "<group>";
		};
		31EA7D3F27F62160006DDE02 /* Preview Content */ = {
			isa = PBXGroup;
			children = (
				31EA7D4027F62160006DDE02 /* Preview Assets.xcassets */,
			);
			path = "Preview Content";
			sourceTree = "<group>";
		};
		31EA7D4927F62160006DDE02 /* MuvelTests */ = {
			isa = PBXGroup;
			children = (
				31EA7D4A27F62160006DDE02 /* MuvelTests.swift */,
			);
			path = MuvelTests;
			sourceTree = "<group>";
		};
		31EA7D5327F62161006DDE02 /* MuvelUITests */ = {
			isa = PBXGroup;
			children = (
				31EA7D5427F62161006DDE02 /* MuvelUITests.swift */,
				31EA7D5627F62161006DDE02 /* MuvelUITestsLaunchTests.swift */,
			);
			path = MuvelUITests;
			sourceTree = "<group>";
		};
/* End PBXGroup section */

/* Begin PBXNativeTarget section */
		31EA7D3527F6215B006DDE02 /* Muvel */ = {
			isa = PBXNativeTarget;
			buildConfigurationList = 31EA7D5A27F62161006DDE02 /* Build configuration list for PBXNativeTarget "Muvel" */;
			buildPhases = (
				31EA7D3227F6215B006DDE02 /* Sources */,
				31EA7D3327F6215B006DDE02 /* Frameworks */,
				31EA7D3427F6215B006DDE02 /* Resources */,
			);
			buildRules = (
			);
			dependencies = (
			);
			name = Muvel;
			productName = Muvel;
			productReference = 31EA7D3627F6215B006DDE02 /* Muvel.app */;
			productType = "com.apple.product-type.application";
		};
		31EA7D4527F62160006DDE02 /* MuvelTests */ = {
			isa = PBXNativeTarget;
			buildConfigurationList = 31EA7D5D27F62161006DDE02 /* Build configuration list for PBXNativeTarget "MuvelTests" */;
			buildPhases = (
				31EA7D4227F62160006DDE02 /* Sources */,
				31EA7D4327F62160006DDE02 /* Frameworks */,
				31EA7D4427F62160006DDE02 /* Resources */,
			);
			buildRules = (
			);
			dependencies = (
				31EA7D4827F62160006DDE02 /* PBXTargetDependency */,
			);
			name = MuvelTests;
			productName = MuvelTests;
			productReference = 31EA7D4627F62160006DDE02 /* MuvelTests.xctest */;
			productType = "com.apple.product-type.bundle.unit-test";
		};
		31EA7D4F27F62161006DDE02 /* MuvelUITests */ = {
			isa = PBXNativeTarget;
			buildConfigurationList = 31EA7D6027F62161006DDE02 /* Build configuration list for PBXNativeTarget "MuvelUITests" */;
			buildPhases = (
				31EA7D4C27F62161006DDE02 /* Sources */,
				31EA7D4D27F62161006DDE02 /* Frameworks */,
				31EA7D4E27F62161006DDE02 /* Resources */,
			);
			buildRules = (
			);
			dependencies = (
				31EA7D5227F62161006DDE02 /* PBXTargetDependency */,
			);
			name = MuvelUITests;
			productName = MuvelUITests;
			productReference = 31EA7D5027F62161006DDE02 /* MuvelUITests.xctest */;
			productType = "com.apple.product-type.bundle.ui-testing";
		};
/* End PBXNativeTarget section */

/* Begin PBXProject section */
		31EA7D2E27F6215B006DDE02 /* Project object */ = {
			isa = PBXProject;
			attributes = {
				BuildIndependentTargetsInParallel = 1;
				LastSwiftUpdateCheck = 1320;
				LastUpgradeCheck = 1320;
				TargetAttributes = {
					31EA7D3527F6215B006DDE02 = {
						CreatedOnToolsVersion = 13.2.1;
					};
					31EA7D4527F62160006DDE02 = {
						CreatedOnToolsVersion = 13.2.1;
						TestTargetID = 31EA7D3527F6215B006DDE02;
					};
					31EA7D4F27F62161006DDE02 = {
						CreatedOnToolsVersion = 13.2.1;
						TestTargetID = 31EA7D3527F6215B006DDE02;
					};
				};
			};
			buildConfigurationList = 31EA7D3127F6215B006DDE02 /* Build configuration list for PBXProject "Muvel" */;
			compatibilityVersion = "Xcode 13.0";
			developmentRegion = en;
			hasScannedForEncodings = 0;
			knownRegions = (
				en,
				Base,
			);
			mainGroup = 31EA7D2D27F6215B006DDE02;
			productRefGroup = 31EA7D3727F6215B006DDE02 /* Products */;
			projectDirPath = "";
			projectRoot = "";
			targets = (
				31EA7D3527F6215B006DDE02 /* Muvel */,
				31EA7D4527F62160006DDE02 /* MuvelTests */,
				31EA7D4F27F62161006DDE02 /* MuvelUITests */,
			);
		};
/* End PBXProject section */

/* Begin PBXResourcesBuildPhase section */
		31EA7D3427F6215B006DDE02 /* Resources */ = {
			isa = PBXResourcesBuildPhase;
			buildActionMask = 2147483647;
			files = (
				31EA7D4127F62160006DDE02 /* Preview Assets.xcassets in Resources */,
				31EA7D3E27F62160006DDE02 /* Assets.xcassets in Resources */,
			);
			runOnlyForDeploymentPostprocessing = 0;
		};
		31EA7D4427F62160006DDE02 /* Resources */ = {
			isa = PBXResourcesBuildPhase;
			buildActionMask = 2147483647;
			files = (
			);
			runOnlyForDeploymentPostprocessing = 0;
		};
		31EA7D4E27F62161006DDE02 /* Resources */ = {
			isa = PBXResourcesBuildPhase;
			buildActionMask = 2147483647;
			files = (
			);
			runOnlyForDeploymentPostprocessing = 0;
		};
/* End PBXResourcesBuildPhase section */

/* Begin PBXSourcesBuildPhase section */
		31EA7D3227F6215B006DDE02 /* Sources */ = {
			isa = PBXSourcesBuildPhase;
			buildActionMask = 2147483647;
			files = (
				31EA7D3C27F6215B006DDE02 /* ContentView.swift in Sources */,
				31EA7D3A27F6215B006DDE02 /* MuvelApp.swift in Sources */,
			);
			runOnlyForDeploymentPostprocessing = 0;
		};
		31EA7D4227F62160006DDE02 /* Sources */ = {
			isa = PBXSourcesBuildPhase;
			buildActionMask = 2147483647;
			files = (
				31EA7D4B27F62160006DDE02 /* MuvelTests.swift in Sources */,
			);
			runOnlyForDeploymentPostprocessing = 0;
		};
		31EA7D4C27F62161006DDE02 /* Sources */ = {
			isa = PBXSourcesBuildPhase;
			buildActionMask = 2147483647;
			files = (
				31EA7D5727F62161006DDE02 /* MuvelUITestsLaunchTests.swift in Sources */,
				31EA7D5527F62161006DDE02 /* MuvelUITests.swift in Sources */,
			);
			runOnlyForDeploymentPostprocessing = 0;
		};
/* End PBXSourcesBuildPhase section */

/* Begin PBXTargetDependency section */
		31EA7D4827F62160006DDE02 /* PBXTargetDependency */ = {
			isa = PBXTargetDependency;
			target = 31EA7D3527F6215B006DDE02 /* Muvel */;
			targetProxy = 31EA7D4727F62160006DDE02 /* PBXContainerItemProxy */;
		};
		31EA7D5227F62161006DDE02 /* PBXTargetDependency */ = {
			isa = PBXTargetDependency;
			target = 31EA7D3527F6215B006DDE02 /* Muvel */;
			targetProxy = 31EA7D5127F62161006DDE02 /* PBXContainerItemProxy */;
		};
/* End PBXTargetDependency section */

/* Begin XCBuildConfiguration section */
		31EA7D5827F62161006DDE02 /* Debug */ = {
			isa = XCBuildConfiguration;
			buildSettings = {
				ALWAYS_SEARCH_USER_PATHS = NO;
				CLANG_ANALYZER_NONNULL = YES;
				CLANG_ANALYZER_NUMBER_OBJECT_CONVERSION = YES_AGGRESSIVE;
				CLANG_CXX_LANGUAGE_STANDARD = "gnu++17";
				CLANG_CXX_LIBRARY = "libc++";
				CLANG_ENABLE_MODULES = YES;
				CLANG_ENABLE_OBJC_ARC = YES;
				CLANG_ENABLE_OBJC_WEAK = YES;
				CLANG_WARN_BLOCK_CAPTURE_AUTORELEASING = YES;
				CLANG_WARN_BOOL_CONVERSION = YES;
				CLANG_WARN_COMMA = YES;
				CLANG_WARN_CONSTANT_CONVERSION = YES;
				CLANG_WARN_DEPRECATED_OBJC_IMPLEMENTATIONS = YES;
				CLANG_WARN_DIRECT_OBJC_ISA_USAGE = YES_ERROR;
				CLANG_WARN_DOCUMENTATION_COMMENTS = YES;
				CLANG_WARN_EMPTY_BODY = YES;
				CLANG_WARN_ENUM_CONVERSION = YES;
				CLANG_WARN_INFINITE_RECURSION = YES;
				CLANG_WARN_INT_CONVERSION = YES;
				CLANG_WARN_NON_LITERAL_NULL_CONVERSION = YES;
				CLANG_WARN_OBJC_IMPLICIT_RETAIN_SELF = YES;
				CLANG_WARN_OBJC_LITERAL_CONVERSION = YES;
				CLANG_WARN_OBJC_ROOT_CLASS = YES_ERROR;
				CLANG_WARN_QUOTED_INCLUDE_IN_FRAMEWORK_HEADER = YES;
				CLANG_WARN_RANGE_LOOP_ANALYSIS = YES;
				CLANG_WARN_STRICT_PROTOTYPES = YES;
				CLANG_WARN_SUSPICIOUS_MOVE = YES;
				CLANG_WARN_UNGUARDED_AVAILABILITY = YES_AGGRESSIVE;
				CLANG_WARN_UNREACHABLE_CODE = YES;
				CLANG_WARN__DUPLICATE_METHOD_MATCH = YES;
				COPY_PHASE_STRIP = NO;
				DEBUG_INFORMATION_FORMAT = dwarf;
				ENABLE_STRICT_OBJC_MSGSEND = YES;
				ENABLE_TESTABILITY = YES;
				GCC_C_LANGUAGE_STANDARD = gnu11;
				GCC_DYNAMIC_NO_PIC = NO;
				GCC_NO_COMMON_BLOCKS = YES;
				GCC_OPTIMIZATION_LEVEL = 0;
				GCC_PREPROCESSOR_DEFINITIONS = (
					"DEBUG=1",
					"$(inherited)",
				);
				GCC_WARN_64_TO_32_BIT_CONVERSION = YES;
				GCC_WARN_ABOUT_RETURN_TYPE = YES_ERROR;
				GCC_WARN_UNDECLARED_SELECTOR = YES;
				GCC_WARN_UNINITIALIZED_AUTOS = YES_AGGRESSIVE;
				GCC_WARN_UNUSED_FUNCTION = YES;
				GCC_WARN_UNUSED_VARIABLE = YES;
				IPHONEOS_DEPLOYMENT_TARGET = 15.2;
				MTL_ENABLE_DEBUG_INFO = INCLUDE_SOURCE;
				MTL_FAST_MATH = YES;
				ONLY_ACTIVE_ARCH = YES;
				SDKROOT = iphoneos;
				SWIFT_ACTIVE_COMPILATION_CONDITIONS = DEBUG;
				SWIFT_OPTIMIZATION_LEVEL = "-Onone";
			};
			name = Debug;
		};
		31EA7D5927F62161006DDE02 /* Release */ = {
			isa = XCBuildConfiguration;
			buildSettings = {
				ALWAYS_SEARCH_USER_PATHS = NO;
				CLANG_ANALYZER_NONNULL = YES;
				CLANG_ANALYZER_NUMBER_OBJECT_CONVERSION = YES_AGGRESSIVE;
				CLANG_CXX_LANGUAGE_STANDARD = "gnu++17";
				CLANG_CXX_LIBRARY = "libc++";
				CLANG_ENABLE_MODULES = YES;
				CLANG_ENABLE_OBJC_ARC = YES;
				CLANG_ENABLE_OBJC_WEAK = YES;
				CLANG_WARN_BLOCK_CAPTURE_AUTORELEASING = YES;
				CLANG_WARN_BOOL_CONVERSION = YES;
				CLANG_WARN_COMMA = YES;
				CLANG_WARN_CONSTANT_CONVERSION = YES;
				CLANG_WARN_DEPRECATED_OBJC_IMPLEMENTATIONS = YES;
				CLANG_WARN_DIRECT_OBJC_ISA_USAGE = YES_ERROR;
				CLANG_WARN_DOCUMENTATION_COMMENTS = YES;
				CLANG_WARN_EMPTY_BODY = YES;
				CLANG_WARN_ENUM_CONVERSION = YES;
				CLANG_WARN_INFINITE_RECURSION = YES;
				CLANG_WARN_INT_CONVERSION = YES;
				CLANG_WARN_NON_LITERAL_NULL_CONVERSION = YES;
				CLANG_WARN_OBJC_IMPLICIT_RETAIN_SELF = YES;
				CLANG_WARN_OBJC_LITERAL_CONVERSION = YES;
				CLANG_WARN_OBJC_ROOT_CLASS = YES_ERROR;
				CLANG_WARN_QUOTED_INCLUDE_IN_FRAMEWORK_HEADER = YES;
				CLANG_WARN_RANGE_LOOP_ANALYSIS = YES;
				CLANG_WARN_STRICT_PROTOTYPES = YES;
				CLANG_WARN_SUSPICIOUS_MOVE = YES;
				CLANG_WARN_UNGUARDED_AVAILABILITY = YES_AGGRESSIVE;
				CLANG_WARN_UNREACHABLE_CODE = YES;
				CLANG_WARN__DUPLICATE_METHOD_MATCH = YES;
				COPY_PHASE_STRIP = NO;
				DEBUG_INFORMATION_FORMAT = "dwarf-with-dsym";
				ENABLE_NS_ASSERTIONS = NO;
				ENABLE_STRICT_OBJC_MSGSEND = YES;
				GCC_C_LANGUAGE_STANDARD = gnu11;
				GCC_NO_COMMON_BLOCKS = YES;
				GCC_WARN_64_TO_32_BIT_CONVERSION = YES;
				GCC_WARN_ABOUT_RETURN_TYPE = YES_ERROR;
				GCC_WARN_UNDECLARED_SELECTOR = YES;
				GCC_WARN_UNINITIALIZED_AUTOS = YES_AGGRESSIVE;
				GCC_WARN_UNUSED_FUNCTION = YES;
				GCC_WARN_UNUSED_VARIABLE = YES;
				IPHONEOS_DEPLOYMENT_TARGET = 15.2;
				MTL_ENABLE_DEBUG_INFO = NO;
				MTL_FAST_MATH = YES;
				SDKROOT = iphoneos;
				SWIFT_COMPILATION_MODE = wholemodule;
				SWIFT_OPTIMIZATION_LEVEL = "-O";
				VALIDATE_PRODUCT = YES;
			};
			name = Release;
		};
		31EA7D5B27F62161006DDE02 /* Debug */ = {
			isa = XCBuildConfiguration;
			buildSettings = {
				ASSETCATALOG_COMPILER_APPICON_NAME = AppIcon;
				ASSETCATALOG_COMPILER_GLOBAL_ACCENT_COLOR_NAME = AccentColor;
				CODE_SIGN_STYLE = Automatic;
				CURRENT_PROJECT_VERSION = 1;
				DEVELOPMENT_ASSET_PATHS = "\"Muvel/Preview Content\"";
				DEVELOPMENT_TEAM = R5CFXFFG5Y;
				ENABLE_PREVIEWS = YES;
				GENERATE_INFOPLIST_FILE = YES;
				INFOPLIST_KEY_UIApplicationSceneManifest_Generation = YES;
				INFOPLIST_KEY_UIApplicationSupportsIndirectInputEvents = YES;
				INFOPLIST_KEY_UILaunchScreen_Generation = YES;
				INFOPLIST_KEY_UISupportedInterfaceOrientations_iPad = "UIInterfaceOrientationPortrait UIInterfaceOrientationPortraitUpsideDown UIInterfaceOrientationLandscapeLeft UIInterfaceOrientationLandscapeRight";
				INFOPLIST_KEY_UISupportedInterfaceOrientations_iPhone = "UIInterfaceOrientationPortrait UIInterfaceOrientationLandscapeLeft UIInterfaceOrientationLandscapeRight";
				LD_RUNPATH_SEARCH_PATHS = (
					"$(inherited)",
					"@executable_path/Frameworks",
				);
				MARKETING_VERSION = 1.0;
				PRODUCT_BUNDLE_IDENTIFIER = com.felixarpa.Muvel;
				PRODUCT_NAME = "$(TARGET_NAME)";
				SWIFT_EMIT_LOC_STRINGS = YES;
				SWIFT_VERSION = 5.0;
				TARGETED_DEVICE_FAMILY = "1,2";
			};
			name = Debug;
		};
		31EA7D5C27F62161006DDE02 /* Release */ = {
			isa = XCBuildConfiguration;
			buildSettings = {
				ASSETCATALOG_COMPILER_APPICON_NAME = AppIcon;
				ASSETCATALOG_COMPILER_GLOBAL_ACCENT_COLOR_NAME = AccentColor;
				CODE_SIGN_STYLE = Automatic;
				CURRENT_PROJECT_VERSION = 1;
				DEVELOPMENT_ASSET_PATHS = "\"Muvel/Preview Content\"";
				DEVELOPMENT_TEAM = R5CFXFFG5Y;
				ENABLE_PREVIEWS = YES;
				GENERATE_INFOPLIST_FILE = YES;
				INFOPLIST_KEY_UIApplicationSceneManifest_Generation = YES;
				INFOPLIST_KEY_UIApplicationSupportsIndirectInputEvents = YES;
				INFOPLIST_KEY_UILaunchScreen_Generation = YES;
				INFOPLIST_KEY_UISupportedInterfaceOrientations_iPad = "UIInterfaceOrientationPortrait UIInterfaceOrientationPortraitUpsideDown UIInterfaceOrientationLandscapeLeft UIInterfaceOrientationLandscapeRight";
				INFOPLIST_KEY_UISupportedInterfaceOrientations_iPhone = "UIInterfaceOrientationPortrait UIInterfaceOrientationLandscapeLeft UIInterfaceOrientationLandscapeRight";
				LD_RUNPATH_SEARCH_PATHS = (
					"$(inherited)",
					"@executable_path/Frameworks",
				);
				MARKETING_VERSION = 1.0;
				PRODUCT_BUNDLE_IDENTIFIER = com.felixarpa.Muvel;
				PRODUCT_NAME = "$(TARGET_NAME)";
				SWIFT_EMIT_LOC_STRINGS = YES;
				SWIFT_VERSION = 5.0;
				TARGETED_DEVICE_FAMILY = "1,2";
			};
			name = Release;
		};
		31EA7D5E27F62161006DDE02 /* Debug */ = {
			isa = XCBuildConfiguration;
			buildSettings = {
				ALWAYS_EMBED_SWIFT_STANDARD_LIBRARIES = YES;
				BUNDLE_LOADER = "$(TEST_HOST)";
				CODE_SIGN_STYLE = Automatic;
				CURRENT_PROJECT_VERSION = 1;
				DEVELOPMENT_TEAM = R5CFXFFG5Y;
				GENERATE_INFOPLIST_FILE = YES;
				IPHONEOS_DEPLOYMENT_TARGET = 15.2;
				MARKETING_VERSION = 1.0;
				PRODUCT_BUNDLE_IDENTIFIER = com.felixarpa.MuvelTests;
				PRODUCT_NAME = "$(TARGET_NAME)";
				SWIFT_EMIT_LOC_STRINGS = NO;
				SWIFT_VERSION = 5.0;
				TARGETED_DEVICE_FAMILY = "1,2";
				TEST_HOST = "$(BUILT_PRODUCTS_DIR)/Muvel.app/Muvel";
			};
			name = Debug;
		};
		31EA7D5F27F62161006DDE02 /* Release */ = {
			isa = XCBuildConfiguration;
			buildSettings = {
				ALWAYS_EMBED_SWIFT_STANDARD_LIBRARIES = YES;
				BUNDLE_LOADER = "$(TEST_HOST)";
				CODE_SIGN_STYLE = Automatic;
				CURRENT_PROJECT_VERSION = 1;
				DEVELOPMENT_TEAM = R5CFXFFG5Y;
				GENERATE_INFOPLIST_FILE = YES;
				IPHONEOS_DEPLOYMENT_TARGET = 15.2;
				MARKETING_VERSION = 1.0;
				PRODUCT_BUNDLE_IDENTIFIER = com.felixarpa.MuvelTests;
				PRODUCT_NAME = "$(TARGET_NAME)";
				SWIFT_EMIT_LOC_STRINGS = NO;
				SWIFT_VERSION = 5.0;
				TARGETED_DEVICE_FAMILY = "1,2";
				TEST_HOST = "$(BUILT_PRODUCTS_DIR)/Muvel.app/Muvel";
			};
			name = Release;
		};
		31EA7D6127F62161006DDE02 /* Debug */ = {
			isa = XCBuildConfiguration;
			buildSettings = {
				ALWAYS_EMBED_SWIFT_STANDARD_LIBRARIES = YES;
				CODE_SIGN_STYLE = Automatic;
				CURRENT_PROJECT_VERSION = 1;
				DEVELOPMENT_TEAM = R5CFXFFG5Y;
				GENERATE_INFOPLIST_FILE = YES;
				MARKETING_VERSION = 1.0;
				PRODUCT_BUNDLE_IDENTIFIER = com.felixarpa.MuvelUITests;
				PRODUCT_NAME = "$(TARGET_NAME)";
				SWIFT_EMIT_LOC_STRINGS = NO;
				SWIFT_VERSION = 5.0;
				TARGETED_DEVICE_FAMILY = "1,2";
				TEST_TARGET_NAME = Muvel;
			};
			name = Debug;
		};
		31EA7D6227F62161006DDE02 /* Release */ = {
			isa = XCBuildConfiguration;
			buildSettings = {
				ALWAYS_EMBED_SWIFT_STANDARD_LIBRARIES = YES;
				CODE_SIGN_STYLE = Automatic;
				CURRENT_PROJECT_VERSION = 1;
				DEVELOPMENT_TEAM = R5CFXFFG5Y;
				GENERATE_INFOPLIST_FILE = YES;
				MARKETING_VERSION = 1.0;
				PRODUCT_BUNDLE_IDENTIFIER = com.felixarpa.MuvelUITests;
				PRODUCT_NAME = "$(TARGET_NAME)";
				SWIFT_EMIT_LOC_STRINGS = NO;
				SWIFT_VERSION = 5.0;
				TARGETED_DEVICE_FAMILY = "1,2";
				TEST_TARGET_NAME = Muvel;
			};
			name = Release;
		};
/* End XCBuildConfiguration section */

/* Begin XCConfigurationList section */
		31EA7D3127F6215B006DDE02 /* Build configuration list for PBXProject "Muvel" */ = {
			isa = XCConfigurationList;
			buildConfigurations = (
				31EA7D5827F62161006DDE02 /* Debug */,
				31EA7D5927F62161006DDE02 /* Release */,
			);
			defaultConfigurationIsVisible = 0;
			defaultConfigurationName = Release;
		};
		31EA7D5A27F62161006DDE02 /* Build configuration list for PBXNativeTarget "Muvel" */ = {
			isa = XCConfigurationList;
			buildConfigurations = (
				31EA7D5B27F62161006DDE02 /* Debug */,
				31EA7D5C27F62161006DDE02 /* Release */,
			);
			defaultConfigurationIsVisible = 0;
			defaultConfigurationName = Release;
		};
		31EA7D5D27F62161006DDE02 /* Build configuration list for PBXNativeTarget "MuvelTests" */ = {
			isa = XCConfigurationList;
			buildConfigurations = (
				31EA7D5E27F62161006DDE02 /* Debug */,
				31EA7D5F27F62161006DDE02 /* Release */,
			);
			defaultConfigurationIsVisible = 0;
			defaultConfigurationName = Release;
		};
		31EA7D6027F62161006DDE02 /* Build configuration list for PBXNativeTarget "MuvelUITests" */ = {
			isa = XCConfigurationList;
			buildConfigurations = (
				31EA7D6127F62161006DDE02 /* Debug */,
				31EA7D6227F62161006DDE02 /* Release */,
			);
			defaultConfigurationIsVisible = 0;
			defaultConfigurationName = Release;
		};
/* End XCConfigurationList section */
	};
	rootObject = 31EA7D2E27F6215B006DDE02 /* Project object */;
}
